
Microsoft Visual Studio Solution File, Format Version 12.00
# Visual Studio Version 17
VisualStudioVersion = 17.2.32630.192
MinimumVisualStudioVersion = 10.0.40219.1
Project("{FAE04EC0-301F-11D3-BF4B-00C04F79EFBC}") = "ZipMagicU", "ZipMagicU.csproj", "{50FC3A00-C929-416A-80CC-DF547208A411}"
EndProject
Global
	GlobalSection(SolutionConfigurationPlatforms) = preSolution
		Debug|Any CPU = Debug|Any CPU
		Release|Any CPU = Release|Any CPU
	EndGlobalSection
	GlobalSection(ProjectConfigurationPlatforms) = postSolution
		{50FC3A00-C929-416A-80CC-DF547208A411}.Debug|Any CPU.ActiveCfg = Debug|Any CPU
		{50FC3A00-C929-416A-80CC-DF547208A411}.Debug|Any CPU.Build.0 = Debug|Any CPU
		{50FC3A00-C929-416A-80CC-DF547208A411}.Release|Any CPU.ActiveCfg = Release|Any CPU
		{50FC3A00-C929-416A-80CC-DF547208A411}.Release|Any CPU.Build.0 = Release|Any CPU
	EndGlobalSection
	GlobalSection(SolutionProperties) = preSolution
		HideSolutionNode = FALSE
	EndGlobalSection
	GlobalSection(ExtensibilityGlobals) = postSolution
		SolutionGuid = {C1DD7CF9-C671-4F99-8A11-12A8E088CE39}
	EndGlobalSection
EndGlobal
